
Microsoft Visual Studio Solution File, Format Version 12.00
# Visual Studio Version 16
VisualStudioVersion = 16.0.29001.49
MinimumVisualStudioVersion = 10.0.40219.1
Project("{FAE04EC0-301F-11D3-BF4B-00C04F79EFBC}") = "TipoCambio.DA", "TipoCambio.DA\TipoCambio.DA.csproj", "{64360A46-2D36-4CFC-9CE8-14ACB172399E}"
EndProject
Project("{FAE04EC0-301F-11D3-BF4B-00C04F79EFBC}") = "TipoCambio.UI", "TipoCambio.UI\TipoCambio.UI.csproj", "{E0C17A1C-FC09-44D0-8472-B7A8A64A5708}"
EndProject
Project("{FAE04EC0-301F-11D3-BF4B-00C04F79EFBC}") = "TipoCambio.BL", "TipoCambio.BL\TipoCambio.BL.csproj", "{B911C6F8-8496-4330-A56B-E201573EE179}"
EndProject
Project("{FAE04EC0-301F-11D3-BF4B-00C04F79EFBC}") = "TipoCambio.BE", "TipoCambio.BE\TipoCambio.BE.csproj", "{3E313CD8-D6F1-4A45-82A0-7736C242D380}"
EndProject
Global
	GlobalSection(SolutionConfigurationPlatforms) = preSolution
		Debug|Any CPU = Debug|Any CPU
		Debug|ARM = Debug|ARM
		Debug|ARM64 = Debug|ARM64
		Debug|x64 = Debug|x64
		Debug|x86 = Debug|x86
		Release|Any CPU = Release|Any CPU
		Release|ARM = Release|ARM
		Release|ARM64 = Release|ARM64
		Release|x64 = Release|x64
		Release|x86 = Release|x86
	EndGlobalSection
	GlobalSection(ProjectConfigurationPlatforms) = postSolution
		{64360A46-2D36-4CFC-9CE8-14ACB172399E}.Debug|Any CPU.ActiveCfg = Debug|Any CPU
		{64360A46-2D36-4CFC-9CE8-14ACB172399E}.Debug|Any CPU.Build.0 = Debug|Any CPU
		{64360A46-2D36-4CFC-9CE8-14ACB172399E}.Debug|ARM.ActiveCfg = Debug|Any CPU
		{64360A46-2D36-4CFC-9CE8-14ACB172399E}.Debug|ARM.Build.0 = Debug|Any CPU
		{64360A46-2D36-4CFC-9CE8-14ACB172399E}.Debug|ARM64.ActiveCfg = Debug|Any CPU
		{64360A46-2D36-4CFC-9CE8-14ACB172399E}.Debug|ARM64.Build.0 = Debug|Any CPU
		{64360A46-2D36-4CFC-9CE8-14ACB172399E}.Debug|x64.ActiveCfg = Debug|Any CPU
		{64360A46-2D36-4CFC-9CE8-14ACB172399E}.Debug|x64.Build.0 = Debug|Any CPU
		{64360A46-2D36-4CFC-9CE8-14ACB172399E}.Debug|x86.ActiveCfg = Debug|Any CPU
		{64360A46-2D36-4CFC-9CE8-14ACB172399E}.Debug|x86.Build.0 = Debug|Any CPU
		{64360A46-2D36-4CFC-9CE8-14ACB172399E}.Release|Any CPU.ActiveCfg = Release|Any CPU
		{64360A46-2D36-4CFC-9CE8-14ACB172399E}.Release|Any CPU.Build.0 = Release|Any CPU
		{64360A46-2D36-4CFC-9CE8-14ACB172399E}.Release|ARM.ActiveCfg = Release|Any CPU
		{64360A46-2D36-4CFC-9CE8-14ACB172399E}.Release|ARM.Build.0 = Release|Any CPU
		{64360A46-2D36-4CFC-9CE8-14ACB172399E}.Release|ARM64.ActiveCfg = Release|Any CPU
		{64360A46-2D36-4CFC-9CE8-14ACB172399E}.Release|ARM64.Build.0 = Release|Any CPU
		{64360A46-2D36-4CFC-9CE8-14ACB172399E}.Release|x64.ActiveCfg = Release|Any CPU
		{64360A46-2D36-4CFC-9CE8-14ACB172399E}.Release|x64.Build.0 = Release|Any CPU
		{64360A46-2D36-4CFC-9CE8-14ACB172399E}.Release|x86.ActiveCfg = Release|Any CPU
		{64360A46-2D36-4CFC-9CE8-14ACB172399E}.Release|x86.Build.0 = Release|Any CPU
		{E0C17A1C-FC09-44D0-8472-B7A8A64A5708}.Debug|Any CPU.ActiveCfg = Debug|Any CPU
		{E0C17A1C-FC09-44D0-8472-B7A8A64A5708}.Debug|Any CPU.Build.0 = Debug|Any CPU
		{E0C17A1C-FC09-44D0-8472-B7A8A64A5708}.Debug|ARM.ActiveCfg = Debug|Any CPU
		{E0C17A1C-FC09-44D0-8472-B7A8A64A5708}.Debug|ARM.Build.0 = Debug|Any CPU
		{E0C17A1C-FC09-44D0-8472-B7A8A64A5708}.Debug|ARM64.ActiveCfg = Debug|Any CPU
		{E0C17A1C-FC09-44D0-8472-B7A8A64A5708}.Debug|ARM64.Build.0 = Debug|Any CPU
		{E0C17A1C-FC09-44D0-8472-B7A8A64A5708}.Debug|x64.ActiveCfg = Debug|Any CPU
		{E0C17A1C-FC09-44D0-8472-B7A8A64A5708}.Debug|x64.Build.0 = Debug|Any CPU
		{E0C17A1C-FC09-44D0-8472-B7A8A64A5708}.Debug|x86.ActiveCfg = Debug|Any CPU
		{E0C17A1C-FC09-44D0-8472-B7A8A64A5708}.Debug|x86.Build.0 = Debug|Any CPU
		{E0C17A1C-FC09-44D0-8472-B7A8A64A5708}.Release|Any CPU.ActiveCfg = Release|Any CPU
		{E0C17A1C-FC09-44D0-8472-B7A8A64A5708}.Release|Any CPU.Build.0 = Release|Any CPU
		{E0C17A1C-FC09-44D0-8472-B7A8A64A5708}.Release|ARM.ActiveCfg = Release|Any CPU
		{E0C17A1C-FC09-44D0-8472-B7A8A64A5708}.Release|ARM.Build.0 = Release|Any CPU
		{E0C17A1C-FC09-44D0-8472-B7A8A64A5708}.Release|ARM64.ActiveCfg = Release|Any CPU
		{E0C17A1C-FC09-44D0-8472-B7A8A64A5708}.Release|ARM64.Build.0 = Release|Any CPU
		{E0C17A1C-FC09-44D0-8472-B7A8A64A5708}.Release|x64.ActiveCfg = Release|Any CPU
		{E0C17A1C-FC09-44D0-8472-B7A8A64A5708}.Release|x64.Build.0 = Release|Any CPU
		{E0C17A1C-FC09-44D0-8472-B7A8A64A5708}.Release|x86.ActiveCfg = Release|Any CPU
		{E0C17A1C-FC09-44D0-8472-B7A8A64A5708}.Release|x86.Build.0 = Release|Any CPU
		{B911C6F8-8496-4330-A56B-E201573EE179}.Debug|Any CPU.ActiveCfg = Debug|Any CPU
		{B911C6F8-8496-4330-A56B-E201573EE179}.Debug|Any CPU.Build.0 = Debug|Any CPU
		{B911C6F8-8496-4330-A56B-E201573EE179}.Debug|ARM.ActiveCfg = Debug|Any CPU
		{B911C6F8-8496-4330-A56B-E201573EE179}.Debug|ARM.Build.0 = Debug|Any CPU
		{B911C6F8-8496-4330-A56B-E201573EE179}.Debug|ARM64.ActiveCfg = Debug|Any CPU
		{B911C6F8-8496-4330-A56B-E201573EE179}.Debug|ARM64.Build.0 = Debug|Any CPU
		{B911C6F8-8496-4330-A56B-E201573EE179}.Debug|x64.ActiveCfg = Debug|Any CPU
		{B911C6F8-8496-4330-A56B-E201573EE179}.Debug|x64.Build.0 = Debug|Any CPU
		{B911C6F8-8496-4330-A56B-E201573EE179}.Debug|x86.ActiveCfg = Debug|Any CPU
		{B911C6F8-8496-4330-A56B-E201573EE179}.Debug|x86.Build.0 = Debug|Any CPU
		{B911C6F8-8496-4330-A56B-E201573EE179}.Release|Any CPU.ActiveCfg = Release|Any CPU
		{B911C6F8-8496-4330-A56B-E201573EE179}.Release|Any CPU.Build.0 = Release|Any CPU
		{B911C6F8-8496-4330-A56B-E201573EE179}.Release|ARM.ActiveCfg = Release|Any CPU
		{B911C6F8-8496-4330-A56B-E201573EE179}.Release|ARM.Build.0 = Release|Any CPU
		{B911C6F8-8496-4330-A56B-E201573EE179}.Release|ARM64.ActiveCfg = Release|Any CPU
		{B911C6F8-8496-4330-A56B-E201573EE179}.Release|ARM64.Build.0 = Release|Any CPU
		{B911C6F8-8496-4330-A56B-E201573EE179}.Release|x64.ActiveCfg = Release|Any CPU
		{B911C6F8-8496-4330-A56B-E201573EE179}.Release|x64.Build.0 = Release|Any CPU
		{B911C6F8-8496-4330-A56B-E201573EE179}.Release|x86.ActiveCfg = Release|Any CPU
		{B911C6F8-8496-4330-A56B-E201573EE179}.Release|x86.Build.0 = Release|Any CPU
		{3E313CD8-D6F1-4A45-82A0-7736C242D380}.Debug|Any CPU.ActiveCfg = Debug|Any CPU
		{3E313CD8-D6F1-4A45-82A0-7736C242D380}.Debug|Any CPU.Build.0 = Debug|Any CPU
		{3E313CD8-D6F1-4A45-82A0-7736C242D380}.Debug|ARM.ActiveCfg = Debug|Any CPU
		{3E313CD8-D6F1-4A45-82A0-7736C242D380}.Debug|ARM.Build.0 = Debug|Any CPU
		{3E313CD8-D6F1-4A45-82A0-7736C242D380}.Debug|ARM64.ActiveCfg = Debug|Any CPU
		{3E313CD8-D6F1-4A45-82A0-7736C242D380}.Debug|ARM64.Build.0 = Debug|Any CPU
		{3E313CD8-D6F1-4A45-82A0-7736C242D380}.Debug|x64.ActiveCfg = Debug|Any CPU
		{3E313CD8-D6F1-4A45-82A0-7736C242D380}.Debug|x64.Build.0 = Debug|Any CPU
		{3E313CD8-D6F1-4A45-82A0-7736C242D380}.Debug|x86.ActiveCfg = Debug|Any CPU
		{3E313CD8-D6F1-4A45-82A0-7736C242D380}.Debug|x86.Build.0 = Debug|Any CPU
		{3E313CD8-D6F1-4A45-82A0-7736C242D380}.Release|Any CPU.ActiveCfg = Release|Any CPU
		{3E313CD8-D6F1-4A45-82A0-7736C242D380}.Release|Any CPU.Build.0 = Release|Any CPU
		{3E313CD8-D6F1-4A45-82A0-7736C242D380}.Release|ARM.ActiveCfg = Release|Any CPU
		{3E313CD8-D6F1-4A45-82A0-7736C242D380}.Release|ARM.Build.0 = Release|Any CPU
		{3E313CD8-D6F1-4A45-82A0-7736C242D380}.Release|ARM64.ActiveCfg = Release|Any CPU
		{3E313CD8-D6F1-4A45-82A0-7736C242D380}.Release|ARM64.Build.0 = Release|Any CPU
		{3E313CD8-D6F1-4A45-82A0-7736C242D380}.Release|x64.ActiveCfg = Release|Any CPU
		{3E313CD8-D6F1-4A45-82A0-7736C242D380}.Release|x64.Build.0 = Release|Any CPU
		{3E313CD8-D6F1-4A45-82A0-7736C242D380}.Release|x86.ActiveCfg = Release|Any CPU
		{3E313CD8-D6F1-4A45-82A0-7736C242D380}.Release|x86.Build.0 = Release|Any CPU
	EndGlobalSection
	GlobalSection(SolutionProperties) = preSolution
		HideSolutionNode = FALSE
	EndGlobalSection
	GlobalSection(ExtensibilityGlobals) = postSolution
		SolutionGuid = {A614D9DD-95BD-4150-868C-1218996EB38C}
	EndGlobalSection
EndGlobal
